
Microsoft Visual Studio Solution File, Format Version 12.00
# Visual Studio 15
VisualStudioVersion = 15.0.28307.572
MinimumVisualStudioVersion = 10.0.40219.1
Project("{FAE04EC0-301F-11D3-BF4B-00C04F79EFBC}") = "Tienda.Android", "Tienda\Tienda.Android\Tienda.Android.csproj", "{66C1D236-6E91-45F9-B654-5ED2605D824A}"
EndProject
Project("{FAE04EC0-301F-11D3-BF4B-00C04F79EFBC}") = "Tienda.iOS", "Tienda\Tienda.iOS\Tienda.iOS.csproj", "{ECC0E1D9-F022-4F99-81D6-2A557E4CCC6D}"
EndProject
Project("{FAE04EC0-301F-11D3-BF4B-00C04F79EFBC}") = "Tienda.UWP", "Tienda\Tienda.UWP\Tienda.UWP.csproj", "{AD14332A-D8B7-4BC0-93EA-FB6C7420974A}"
EndProject
Project("{9A19103F-16F7-4668-BE54-9A1E7A4F7556}") = "Tienda", "Tienda\Tienda\Tienda.csproj", "{29AD437C-236B-4802-B470-069724EBC461}"
EndProject
Project("{FAE04EC0-301F-11D3-BF4B-00C04F79EFBC}") = "Tienda.Backend", "Tienda.Backend\Tienda.Backend.csproj", "{D15DA31A-FEB5-414B-8238-D23A4EABB63F}"
EndProject
Project("{FAE04EC0-301F-11D3-BF4B-00C04F79EFBC}") = "Tienda.API", "Tienda.API\Tienda.API.csproj", "{533A01AB-C898-46C3-8C32-F553FCD7CF83}"
EndProject
Project("{FAE04EC0-301F-11D3-BF4B-00C04F79EFBC}") = "Tienda.Domain", "Tienda.Domain\Tienda.Domain.csproj", "{DACED6D4-B423-4F70-A6EC-E4542DD2E44B}"
EndProject
Project("{FAE04EC0-301F-11D3-BF4B-00C04F79EFBC}") = "Tienda.Common", "Tienda.Common\Tienda.Common.csproj", "{C4672E14-3E83-4070-B7A7-AB979E0881C2}"
EndProject
Global
	GlobalSection(SolutionConfigurationPlatforms) = preSolution
		Ad-Hoc|Any CPU = Ad-Hoc|Any CPU
		Ad-Hoc|ARM = Ad-Hoc|ARM
		Ad-Hoc|iPhone = Ad-Hoc|iPhone
		Ad-Hoc|iPhoneSimulator = Ad-Hoc|iPhoneSimulator
		Ad-Hoc|x64 = Ad-Hoc|x64
		Ad-Hoc|x86 = Ad-Hoc|x86
		AppStore|Any CPU = AppStore|Any CPU
		AppStore|ARM = AppStore|ARM
		AppStore|iPhone = AppStore|iPhone
		AppStore|iPhoneSimulator = AppStore|iPhoneSimulator
		AppStore|x64 = AppStore|x64
		AppStore|x86 = AppStore|x86
		Debug|Any CPU = Debug|Any CPU
		Debug|ARM = Debug|ARM
		Debug|iPhone = Debug|iPhone
		Debug|iPhoneSimulator = Debug|iPhoneSimulator
		Debug|x64 = Debug|x64
		Debug|x86 = Debug|x86
		Release|Any CPU = Release|Any CPU
		Release|ARM = Release|ARM
		Release|iPhone = Release|iPhone
		Release|iPhoneSimulator = Release|iPhoneSimulator
		Release|x64 = Release|x64
		Release|x86 = Release|x86
	EndGlobalSection
	GlobalSection(ProjectConfigurationPlatforms) = postSolution
		{66C1D236-6E91-45F9-B654-5ED2605D824A}.Ad-Hoc|Any CPU.ActiveCfg = Release|Any CPU
		{66C1D236-6E91-45F9-B654-5ED2605D824A}.Ad-Hoc|Any CPU.Build.0 = Release|Any CPU
		{66C1D236-6E91-45F9-B654-5ED2605D824A}.Ad-Hoc|Any CPU.Deploy.0 = Release|Any CPU
		{66C1D236-6E91-45F9-B654-5ED2605D824A}.Ad-Hoc|ARM.ActiveCfg = Release|Any CPU
		{66C1D236-6E91-45F9-B654-5ED2605D824A}.Ad-Hoc|ARM.Build.0 = Release|Any CPU
		{66C1D236-6E91-45F9-B654-5ED2605D824A}.Ad-Hoc|ARM.Deploy.0 = Release|Any CPU
		{66C1D236-6E91-45F9-B654-5ED2605D824A}.Ad-Hoc|iPhone.ActiveCfg = Release|Any CPU
		{66C1D236-6E91-45F9-B654-5ED2605D824A}.Ad-Hoc|iPhone.Build.0 = Release|Any CPU
		{66C1D236-6E91-45F9-B654-5ED2605D824A}.Ad-Hoc|iPhone.Deploy.0 = Release|Any CPU
		{66C1D236-6E91-45F9-B654-5ED2605D824A}.Ad-Hoc|iPhoneSimulator.ActiveCfg = Release|Any CPU
		{66C1D236-6E91-45F9-B654-5ED2605D824A}.Ad-Hoc|iPhoneSimulator.Build.0 = Release|Any CPU
		{66C1D236-6E91-45F9-B654-5ED2605D824A}.Ad-Hoc|iPhoneSimulator.Deploy.0 = Release|Any CPU
		{66C1D236-6E91-45F9-B654-5ED2605D824A}.Ad-Hoc|x64.ActiveCfg = Release|Any CPU
		{66C1D236-6E91-45F9-B654-5ED2605D824A}.Ad-Hoc|x64.Build.0 = Release|Any CPU
		{66C1D236-6E91-45F9-B654-5ED2605D824A}.Ad-Hoc|x64.Deploy.0 = Release|Any CPU
		{66C1D236-6E91-45F9-B654-5ED2605D824A}.Ad-Hoc|x86.ActiveCfg = Release|Any CPU
		{66C1D236-6E91-45F9-B654-5ED2605D824A}.Ad-Hoc|x86.Build.0 = Release|Any CPU
		{66C1D236-6E91-45F9-B654-5ED2605D824A}.Ad-Hoc|x86.Deploy.0 = Release|Any CPU
		{66C1D236-6E91-45F9-B654-5ED2605D824A}.AppStore|Any CPU.ActiveCfg = Release|Any CPU
		{66C1D236-6E91-45F9-B654-5ED2605D824A}.AppStore|Any CPU.Build.0 = Release|Any CPU
		{66C1D236-6E91-45F9-B654-5ED2605D824A}.AppStore|Any CPU.Deploy.0 = Release|Any CPU
		{66C1D236-6E91-45F9-B654-5ED2605D824A}.AppStore|ARM.ActiveCfg = Release|Any CPU
		{66C1D236-6E91-45F9-B654-5ED2605D824A}.AppStore|ARM.Build.0 = Release|Any CPU
		{66C1D236-6E91-45F9-B654-5ED2605D824A}.AppStore|ARM.Deploy.0 = Release|Any CPU
		{66C1D236-6E91-45F9-B654-5ED2605D824A}.AppStore|iPhone.ActiveCfg = Release|Any CPU
		{66C1D236-6E91-45F9-B654-5ED2605D824A}.AppStore|iPhone.Build.0 = Release|Any CPU
		{66C1D236-6E91-45F9-B654-5ED2605D824A}.AppStore|iPhone.Deploy.0 = Release|Any CPU
		{66C1D236-6E91-45F9-B654-5ED2605D824A}.AppStore|iPhoneSimulator.ActiveCfg = Release|Any CPU
		{66C1D236-6E91-45F9-B654-5ED2605D824A}.AppStore|iPhoneSimulator.Build.0 = Release|Any CPU
		{66C1D236-6E91-45F9-B654-5ED2605D824A}.AppStore|iPhoneSimulator.Deploy.0 = Release|Any CPU
		{66C1D236-6E91-45F9-B654-5ED2605D824A}.AppStore|x64.ActiveCfg = Release|Any CPU
		{66C1D236-6E91-45F9-B654-5ED2605D824A}.AppStore|x64.Build.0 = Release|Any CPU
		{66C1D236-6E91-45F9-B654-5ED2605D824A}.AppStore|x64.Deploy.0 = Release|Any CPU
		{66C1D236-6E91-45F9-B654-5ED2605D824A}.AppStore|x86.ActiveCfg = Release|Any CPU
		{66C1D236-6E91-45F9-B654-5ED2605D824A}.AppStore|x86.Build.0 = Release|Any CPU
		{66C1D236-6E91-45F9-B654-5ED2605D824A}.AppStore|x86.Deploy.0 = Release|Any CPU
		{66C1D236-6E91-45F9-B654-5ED2605D824A}.Debug|Any CPU.ActiveCfg = Debug|Any CPU
		{66C1D236-6E91-45F9-B654-5ED2605D824A}.Debug|Any CPU.Build.0 = Debug|Any CPU
		{66C1D236-6E91-45F9-B654-5ED2605D824A}.Debug|Any CPU.Deploy.0 = Debug|Any CPU
		{66C1D236-6E91-45F9-B654-5ED2605D824A}.Debug|ARM.ActiveCfg = Debug|Any CPU
		{66C1D236-6E91-45F9-B654-5ED2605D824A}.Debug|ARM.Build.0 = Debug|Any CPU
		{66C1D236-6E91-45F9-B654-5ED2605D824A}.Debug|ARM.Deploy.0 = Debug|Any CPU
		{66C1D236-6E91-45F9-B654-5ED2605D824A}.Debug|iPhone.ActiveCfg = Debug|Any CPU
		{66C1D236-6E91-45F9-B654-5ED2605D824A}.Debug|iPhone.Build.0 = Debug|Any CPU
		{66C1D236-6E91-45F9-B654-5ED2605D824A}.Debug|iPhone.Deploy.0 = Debug|Any CPU
		{66C1D236-6E91-45F9-B654-5ED2605D824A}.Debug|iPhoneSimulator.ActiveCfg = Debug|Any CPU
		{66C1D236-6E91-45F9-B654-5ED2605D824A}.Debug|iPhoneSimulator.Build.0 = Debug|Any CPU
		{66C1D236-6E91-45F9-B654-5ED2605D824A}.Debug|iPhoneSimulator.Deploy.0 = Debug|Any CPU
		{66C1D236-6E91-45F9-B654-5ED2605D824A}.Debug|x64.ActiveCfg = Debug|Any CPU
		{66C1D236-6E91-45F9-B654-5ED2605D824A}.Debug|x64.Build.0 = Debug|Any CPU
		{66C1D236-6E91-45F9-B654-5ED2605D824A}.Debug|x64.Deploy.0 = Debug|Any CPU
		{66C1D236-6E91-45F9-B654-5ED2605D824A}.Debug|x86.ActiveCfg = Debug|Any CPU
		{66C1D236-6E91-45F9-B654-5ED2605D824A}.Debug|x86.Build.0 = Debug|Any CPU
		{66C1D236-6E91-45F9-B654-5ED2605D824A}.Debug|x86.Deploy.0 = Debug|Any CPU
		{66C1D236-6E91-45F9-B654-5ED2605D824A}.Release|Any CPU.ActiveCfg = Release|Any CPU
		{66C1D236-6E91-45F9-B654-5ED2605D824A}.Release|Any CPU.Build.0 = Release|Any CPU
		{66C1D236-6E91-45F9-B654-5ED2605D824A}.Release|Any CPU.Deploy.0 = Release|Any CPU
		{66C1D236-6E91-45F9-B654-5ED2605D824A}.Release|ARM.ActiveCfg = Release|Any CPU
		{66C1D236-6E91-45F9-B654-5ED2605D824A}.Release|ARM.Build.0 = Release|Any CPU
		{66C1D236-6E91-45F9-B654-5ED2605D824A}.Release|ARM.Deploy.0 = Release|Any CPU
		{66C1D236-6E91-45F9-B654-5ED2605D824A}.Release|iPhone.ActiveCfg = Release|Any CPU
		{66C1D236-6E91-45F9-B654-5ED2605D824A}.Release|iPhone.Build.0 = Release|Any CPU
		{66C1D236-6E91-45F9-B654-5ED2605D824A}.Release|iPhone.Deploy.0 = Release|Any CPU
		{66C1D236-6E91-45F9-B654-5ED2605D824A}.Release|iPhoneSimulator.ActiveCfg = Release|Any CPU
		{66C1D236-6E91-45F9-B654-5ED2605D824A}.Release|iPhoneSimulator.Build.0 = Release|Any CPU
		{66C1D236-6E91-45F9-B654-5ED2605D824A}.Release|iPhoneSimulator.Deploy.0 = Release|Any CPU
		{66C1D236-6E91-45F9-B654-5ED2605D824A}.Release|x64.ActiveCfg = Release|Any CPU
		{66C1D236-6E91-45F9-B654-5ED2605D824A}.Release|x64.Build.0 = Release|Any CPU
		{66C1D236-6E91-45F9-B654-5ED2605D824A}.Release|x64.Deploy.0 = Release|Any CPU
		{66C1D236-6E91-45F9-B654-5ED2605D824A}.Release|x86.ActiveCfg = Release|Any CPU
		{66C1D236-6E91-45F9-B654-5ED2605D824A}.Release|x86.Build.0 = Release|Any CPU
		{66C1D236-6E91-45F9-B654-5ED2605D824A}.Release|x86.Deploy.0 = Release|Any CPU
		{ECC0E1D9-F022-4F99-81D6-2A557E4CCC6D}.Ad-Hoc|Any CPU.ActiveCfg = Ad-Hoc|iPhone
		{ECC0E1D9-F022-4F99-81D6-2A557E4CCC6D}.Ad-Hoc|Any CPU.Build.0 = Ad-Hoc|iPhone
		{ECC0E1D9-F022-4F99-81D6-2A557E4CCC6D}.Ad-Hoc|Any CPU.Deploy.0 = Ad-Hoc|iPhone
		{ECC0E1D9-F022-4F99-81D6-2A557E4CCC6D}.Ad-Hoc|ARM.ActiveCfg = Ad-Hoc|iPhone
		{ECC0E1D9-F022-4F99-81D6-2A557E4CCC6D}.Ad-Hoc|ARM.Build.0 = Ad-Hoc|iPhone
		{ECC0E1D9-F022-4F99-81D6-2A557E4CCC6D}.Ad-Hoc|ARM.Deploy.0 = Ad-Hoc|iPhone
		{ECC0E1D9-F022-4F99-81D6-2A557E4CCC6D}.Ad-Hoc|iPhone.ActiveCfg = Ad-Hoc|iPhone
		{ECC0E1D9-F022-4F99-81D6-2A557E4CCC6D}.Ad-Hoc|iPhone.Build.0 = Ad-Hoc|iPhone
		{ECC0E1D9-F022-4F99-81D6-2A557E4CCC6D}.Ad-Hoc|iPhone.Deploy.0 = Ad-Hoc|iPhone
		{ECC0E1D9-F022-4F99-81D6-2A557E4CCC6D}.Ad-Hoc|iPhoneSimulator.ActiveCfg = Ad-Hoc|iPhoneSimulator
		{ECC0E1D9-F022-4F99-81D6-2A557E4CCC6D}.Ad-Hoc|iPhoneSimulator.Build.0 = Ad-Hoc|iPhoneSimulator
		{ECC0E1D9-F022-4F99-81D6-2A557E4CCC6D}.Ad-Hoc|iPhoneSimulator.Deploy.0 = Ad-Hoc|iPhoneSimulator
		{ECC0E1D9-F022-4F99-81D6-2A557E4CCC6D}.Ad-Hoc|x64.ActiveCfg = Ad-Hoc|iPhone
		{ECC0E1D9-F022-4F99-81D6-2A557E4CCC6D}.Ad-Hoc|x64.Build.0 = Ad-Hoc|iPhone
		{ECC0E1D9-F022-4F99-81D6-2A557E4CCC6D}.Ad-Hoc|x64.Deploy.0 = Ad-Hoc|iPhone
		{ECC0E1D9-F022-4F99-81D6-2A557E4CCC6D}.Ad-Hoc|x86.ActiveCfg = Ad-Hoc|iPhone
		{ECC0E1D9-F022-4F99-81D6-2A557E4CCC6D}.Ad-Hoc|x86.Build.0 = Ad-Hoc|iPhone
		{ECC0E1D9-F022-4F99-81D6-2A557E4CCC6D}.Ad-Hoc|x86.Deploy.0 = Ad-Hoc|iPhone
		{ECC0E1D9-F022-4F99-81D6-2A557E4CCC6D}.AppStore|Any CPU.ActiveCfg = AppStore|iPhone
		{ECC0E1D9-F022-4F99-81D6-2A557E4CCC6D}.AppStore|Any CPU.Build.0 = AppStore|iPhone
		{ECC0E1D9-F022-4F99-81D6-2A557E4CCC6D}.AppStore|Any CPU.Deploy.0 = AppStore|iPhone
		{ECC0E1D9-F022-4F99-81D6-2A557E4CCC6D}.AppStore|ARM.ActiveCfg = AppStore|iPhone
		{ECC0E1D9-F022-4F99-81D6-2A557E4CCC6D}.AppStore|ARM.Build.0 = AppStore|iPhone
		{ECC0E1D9-F022-4F99-81D6-2A557E4CCC6D}.AppStore|ARM.Deploy.0 = AppStore|iPhone
		{ECC0E1D9-F022-4F99-81D6-2A557E4CCC6D}.AppStore|iPhone.ActiveCfg = AppStore|iPhone
		{ECC0E1D9-F022-4F99-81D6-2A557E4CCC6D}.AppStore|iPhone.Build.0 = AppStore|iPhone
		{ECC0E1D9-F022-4F99-81D6-2A557E4CCC6D}.AppStore|iPhone.Deploy.0 = AppStore|iPhone
		{ECC0E1D9-F022-4F99-81D6-2A557E4CCC6D}.AppStore|iPhoneSimulator.ActiveCfg = AppStore|iPhoneSimulator
		{ECC0E1D9-F022-4F99-81D6-2A557E4CCC6D}.AppStore|iPhoneSimulator.Build.0 = AppStore|iPhoneSimulator
		{ECC0E1D9-F022-4F99-81D6-2A557E4CCC6D}.AppStore|iPhoneSimulator.Deploy.0 = AppStore|iPhoneSimulator
		{ECC0E1D9-F022-4F99-81D6-2A557E4CCC6D}.AppStore|x64.ActiveCfg = AppStore|iPhone
		{ECC0E1D9-F022-4F99-81D6-2A557E4CCC6D}.AppStore|x64.Build.0 = AppStore|iPhone
		{ECC0E1D9-F022-4F99-81D6-2A557E4CCC6D}.AppStore|x64.Deploy.0 = AppStore|iPhone
		{ECC0E1D9-F022-4F99-81D6-2A557E4CCC6D}.AppStore|x86.ActiveCfg = AppStore|iPhone
		{ECC0E1D9-F022-4F99-81D6-2A557E4CCC6D}.AppStore|x86.Build.0 = AppStore|iPhone
		{ECC0E1D9-F022-4F99-81D6-2A557E4CCC6D}.AppStore|x86.Deploy.0 = AppStore|iPhone
		{ECC0E1D9-F022-4F99-81D6-2A557E4CCC6D}.Debug|Any CPU.ActiveCfg = Debug|iPhoneSimulator
		{ECC0E1D9-F022-4F99-81D6-2A557E4CCC6D}.Debug|Any CPU.Build.0 = Debug|iPhoneSimulator
		{ECC0E1D9-F022-4F99-81D6-2A557E4CCC6D}.Debug|Any CPU.Deploy.0 = Debug|iPhoneSimulator
		{ECC0E1D9-F022-4F99-81D6-2A557E4CCC6D}.Debug|ARM.ActiveCfg = Debug|iPhone
		{ECC0E1D9-F022-4F99-81D6-2A557E4CCC6D}.Debug|ARM.Build.0 = Debug|iPhone
		{ECC0E1D9-F022-4F99-81D6-2A557E4CCC6D}.Debug|ARM.Deploy.0 = Debug|iPhone
		{ECC0E1D9-F022-4F99-81D6-2A557E4CCC6D}.Debug|iPhone.ActiveCfg = Debug|iPhone
		{ECC0E1D9-F022-4F99-81D6-2A557E4CCC6D}.Debug|iPhone.Build.0 = Debug|iPhone
		{ECC0E1D9-F022-4F99-81D6-2A557E4CCC6D}.Debug|iPhone.Deploy.0 = Debug|iPhone
		{ECC0E1D9-F022-4F99-81D6-2A557E4CCC6D}.Debug|iPhoneSimulator.ActiveCfg = Debug|iPhoneSimulator
		{ECC0E1D9-F022-4F99-81D6-2A557E4CCC6D}.Debug|iPhoneSimulator.Build.0 = Debug|iPhoneSimulator
		{ECC0E1D9-F022-4F99-81D6-2A557E4CCC6D}.Debug|iPhoneSimulator.Deploy.0 = Debug|iPhoneSimulator
		{ECC0E1D9-F022-4F99-81D6-2A557E4CCC6D}.Debug|x64.ActiveCfg = Debug|iPhone
		{ECC0E1D9-F022-4F99-81D6-2A557E4CCC6D}.Debug|x64.Build.0 = Debug|iPhone
		{ECC0E1D9-F022-4F99-81D6-2A557E4CCC6D}.Debug|x64.Deploy.0 = Debug|iPhone
		{ECC0E1D9-F022-4F99-81D6-2A557E4CCC6D}.Debug|x86.ActiveCfg = Debug|iPhone
		{ECC0E1D9-F022-4F99-81D6-2A557E4CCC6D}.Debug|x86.Build.0 = Debug|iPhone
		{ECC0E1D9-F022-4F99-81D6-2A557E4CCC6D}.Debug|x86.Deploy.0 = Debug|iPhone
		{ECC0E1D9-F022-4F99-81D6-2A557E4CCC6D}.Release|Any CPU.ActiveCfg = Release|iPhone
		{ECC0E1D9-F022-4F99-81D6-2A557E4CCC6D}.Release|Any CPU.Build.0 = Release|iPhone
		{ECC0E1D9-F022-4F99-81D6-2A557E4CCC6D}.Release|Any CPU.Deploy.0 = Release|iPhone
		{ECC0E1D9-F022-4F99-81D6-2A557E4CCC6D}.Release|ARM.ActiveCfg = Release|iPhone
		{ECC0E1D9-F022-4F99-81D6-2A557E4CCC6D}.Release|ARM.Build.0 = Release|iPhone
		{ECC0E1D9-F022-4F99-81D6-2A557E4CCC6D}.Release|ARM.Deploy.0 = Release|iPhone
		{ECC0E1D9-F022-4F99-81D6-2A557E4CCC6D}.Release|iPhone.ActiveCfg = Release|iPhone
		{ECC0E1D9-F022-4F99-81D6-2A557E4CCC6D}.Release|iPhone.Build.0 = Release|iPhone
		{ECC0E1D9-F022-4F99-81D6-2A557E4CCC6D}.Release|iPhone.Deploy.0 = Release|iPhone
		{ECC0E1D9-F022-4F99-81D6-2A557E4CCC6D}.Release|iPhoneSimulator.ActiveCfg = Release|iPhoneSimulator
		{ECC0E1D9-F022-4F99-81D6-2A557E4CCC6D}.Release|iPhoneSimulator.Build.0 = Release|iPhoneSimulator
		{ECC0E1D9-F022-4F99-81D6-2A557E4CCC6D}.Release|iPhoneSimulator.Deploy.0 = Release|iPhoneSimulator
		{ECC0E1D9-F022-4F99-81D6-2A557E4CCC6D}.Release|x64.ActiveCfg = Release|iPhone
		{ECC0E1D9-F022-4F99-81D6-2A557E4CCC6D}.Release|x64.Build.0 = Release|iPhone
		{ECC0E1D9-F022-4F99-81D6-2A557E4CCC6D}.Release|x64.Deploy.0 = Release|iPhone
		{ECC0E1D9-F022-4F99-81D6-2A557E4CCC6D}.Release|x86.ActiveCfg = Release|iPhone
		{ECC0E1D9-F022-4F99-81D6-2A557E4CCC6D}.Release|x86.Build.0 = Release|iPhone
		{ECC0E1D9-F022-4F99-81D6-2A557E4CCC6D}.Release|x86.Deploy.0 = Release|iPhone
		{AD14332A-D8B7-4BC0-93EA-FB6C7420974A}.Ad-Hoc|Any CPU.ActiveCfg = Release|x86
		{AD14332A-D8B7-4BC0-93EA-FB6C7420974A}.Ad-Hoc|Any CPU.Build.0 = Release|x86
		{AD14332A-D8B7-4BC0-93EA-FB6C7420974A}.Ad-Hoc|Any CPU.Deploy.0 = Release|x86
		{AD14332A-D8B7-4BC0-93EA-FB6C7420974A}.Ad-Hoc|ARM.ActiveCfg = Release|ARM
		{AD14332A-D8B7-4BC0-93EA-FB6C7420974A}.Ad-Hoc|ARM.Build.0 = Release|ARM
		{AD14332A-D8B7-4BC0-93EA-FB6C7420974A}.Ad-Hoc|ARM.Deploy.0 = Release|ARM
		{AD14332A-D8B7-4BC0-93EA-FB6C7420974A}.Ad-Hoc|iPhone.ActiveCfg = Release|x86
		{AD14332A-D8B7-4BC0-93EA-FB6C7420974A}.Ad-Hoc|iPhone.Build.0 = Release|x86
		{AD14332A-D8B7-4BC0-93EA-FB6C7420974A}.Ad-Hoc|iPhone.Deploy.0 = Release|x86
		{AD14332A-D8B7-4BC0-93EA-FB6C7420974A}.Ad-Hoc|iPhoneSimulator.ActiveCfg = Release|x86
		{AD14332A-D8B7-4BC0-93EA-FB6C7420974A}.Ad-Hoc|iPhoneSimulator.Build.0 = Release|x86
		{AD14332A-D8B7-4BC0-93EA-FB6C7420974A}.Ad-Hoc|iPhoneSimulator.Deploy.0 = Release|x86
		{AD14332A-D8B7-4BC0-93EA-FB6C7420974A}.Ad-Hoc|x64.ActiveCfg = Release|x64
		{AD14332A-D8B7-4BC0-93EA-FB6C7420974A}.Ad-Hoc|x64.Build.0 = Release|x64
		{AD14332A-D8B7-4BC0-93EA-FB6C7420974A}.Ad-Hoc|x64.Deploy.0 = Release|x64
		{AD14332A-D8B7-4BC0-93EA-FB6C7420974A}.Ad-Hoc|x86.ActiveCfg = Release|x86
		{AD14332A-D8B7-4BC0-93EA-FB6C7420974A}.Ad-Hoc|x86.Build.0 = Release|x86
		{AD14332A-D8B7-4BC0-93EA-FB6C7420974A}.Ad-Hoc|x86.Deploy.0 = Release|x86
		{AD14332A-D8B7-4BC0-93EA-FB6C7420974A}.AppStore|Any CPU.ActiveCfg = Release|x86
		{AD14332A-D8B7-4BC0-93EA-FB6C7420974A}.AppStore|Any CPU.Build.0 = Release|x86
		{AD14332A-D8B7-4BC0-93EA-FB6C7420974A}.AppStore|Any CPU.Deploy.0 = Release|x86
		{AD14332A-D8B7-4BC0-93EA-FB6C7420974A}.AppStore|ARM.ActiveCfg = Release|ARM
		{AD14332A-D8B7-4BC0-93EA-FB6C7420974A}.AppStore|ARM.Build.0 = Release|ARM
		{AD14332A-D8B7-4BC0-93EA-FB6C7420974A}.AppStore|ARM.Deploy.0 = Release|ARM
		{AD14332A-D8B7-4BC0-93EA-FB6C7420974A}.AppStore|iPhone.ActiveCfg = Release|x86
		{AD14332A-D8B7-4BC0-93EA-FB6C7420974A}.AppStore|iPhone.Build.0 = Release|x86
		{AD14332A-D8B7-4BC0-93EA-FB6C7420974A}.AppStore|iPhone.Deploy.0 = Release|x86
		{AD14332A-D8B7-4BC0-93EA-FB6C7420974A}.AppStore|iPhoneSimulator.ActiveCfg = Release|x86
		{AD14332A-D8B7-4BC0-93EA-FB6C7420974A}.AppStore|iPhoneSimulator.Build.0 = Release|x86
		{AD14332A-D8B7-4BC0-93EA-FB6C7420974A}.AppStore|iPhoneSimulator.Deploy.0 = Release|x86
		{AD14332A-D8B7-4BC0-93EA-FB6C7420974A}.AppStore|x64.ActiveCfg = Release|x64
		{AD14332A-D8B7-4BC0-93EA-FB6C7420974A}.AppStore|x64.Build.0 = Release|x64
		{AD14332A-D8B7-4BC0-93EA-FB6C7420974A}.AppStore|x64.Deploy.0 = Release|x64
		{AD14332A-D8B7-4BC0-93EA-FB6C7420974A}.AppStore|x86.ActiveCfg = Release|x86
		{AD14332A-D8B7-4BC0-93EA-FB6C7420974A}.AppStore|x86.Build.0 = Release|x86
		{AD14332A-D8B7-4BC0-93EA-FB6C7420974A}.AppStore|x86.Deploy.0 = Release|x86
		{AD14332A-D8B7-4BC0-93EA-FB6C7420974A}.Debug|Any CPU.ActiveCfg = Debug|x86
		{AD14332A-D8B7-4BC0-93EA-FB6C7420974A}.Debug|Any CPU.Build.0 = Debug|x86
		{AD14332A-D8B7-4BC0-93EA-FB6C7420974A}.Debug|Any CPU.Deploy.0 = Debug|x86
		{AD14332A-D8B7-4BC0-93EA-FB6C7420974A}.Debug|ARM.ActiveCfg = Debug|ARM
		{AD14332A-D8B7-4BC0-93EA-FB6C7420974A}.Debug|ARM.Build.0 = Debug|ARM
		{AD14332A-D8B7-4BC0-93EA-FB6C7420974A}.Debug|ARM.Deploy.0 = Debug|ARM
		{AD14332A-D8B7-4BC0-93EA-FB6C7420974A}.Debug|iPhone.ActiveCfg = Debug|x86
		{AD14332A-D8B7-4BC0-93EA-FB6C7420974A}.Debug|iPhone.Build.0 = Debug|x86
		{AD14332A-D8B7-4BC0-93EA-FB6C7420974A}.Debug|iPhone.Deploy.0 = Debug|x86
		{AD14332A-D8B7-4BC0-93EA-FB6C7420974A}.Debug|iPhoneSimulator.ActiveCfg = Debug|x86
		{AD14332A-D8B7-4BC0-93EA-FB6C7420974A}.Debug|iPhoneSimulator.Build.0 = Debug|x86
		{AD14332A-D8B7-4BC0-93EA-FB6C7420974A}.Debug|iPhoneSimulator.Deploy.0 = Debug|x86
		{AD14332A-D8B7-4BC0-93EA-FB6C7420974A}.Debug|x64.ActiveCfg = Debug|x64
		{AD14332A-D8B7-4BC0-93EA-FB6C7420974A}.Debug|x64.Build.0 = Debug|x64
		{AD14332A-D8B7-4BC0-93EA-FB6C7420974A}.Debug|x64.Deploy.0 = Debug|x64
		{AD14332A-D8B7-4BC0-93EA-FB6C7420974A}.Debug|x86.ActiveCfg = Debug|x86
		{AD14332A-D8B7-4BC0-93EA-FB6C7420974A}.Debug|x86.Build.0 = Debug|x86
		{AD14332A-D8B7-4BC0-93EA-FB6C7420974A}.Debug|x86.Deploy.0 = Debug|x86
		{AD14332A-D8B7-4BC0-93EA-FB6C7420974A}.Release|Any CPU.ActiveCfg = Release|x86
		{AD14332A-D8B7-4BC0-93EA-FB6C7420974A}.Release|Any CPU.Build.0 = Release|x86
		{AD14332A-D8B7-4BC0-93EA-FB6C7420974A}.Release|Any CPU.Deploy.0 = Release|x86
		{AD14332A-D8B7-4BC0-93EA-FB6C7420974A}.Release|ARM.ActiveCfg = Release|ARM
		{AD14332A-D8B7-4BC0-93EA-FB6C7420974A}.Release|ARM.Build.0 = Release|ARM
		{AD14332A-D8B7-4BC0-93EA-FB6C7420974A}.Release|ARM.Deploy.0 = Release|ARM
		{AD14332A-D8B7-4BC0-93EA-FB6C7420974A}.Release|iPhone.ActiveCfg = Release|x86
		{AD14332A-D8B7-4BC0-93EA-FB6C7420974A}.Release|iPhone.Build.0 = Release|x86
		{AD14332A-D8B7-4BC0-93EA-FB6C7420974A}.Release|iPhone.Deploy.0 = Release|x86
		{AD14332A-D8B7-4BC0-93EA-FB6C7420974A}.Release|iPhoneSimulator.ActiveCfg = Release|x86
		{AD14332A-D8B7-4BC0-93EA-FB6C7420974A}.Release|iPhoneSimulator.Build.0 = Release|x86
		{AD14332A-D8B7-4BC0-93EA-FB6C7420974A}.Release|iPhoneSimulator.Deploy.0 = Release|x86
		{AD14332A-D8B7-4BC0-93EA-FB6C7420974A}.Release|x64.ActiveCfg = Release|x64
		{AD14332A-D8B7-4BC0-93EA-FB6C7420974A}.Release|x64.Build.0 = Release|x64
		{AD14332A-D8B7-4BC0-93EA-FB6C7420974A}.Release|x64.Deploy.0 = Release|x64
		{AD14332A-D8B7-4BC0-93EA-FB6C7420974A}.Release|x86.ActiveCfg = Release|x86
		{AD14332A-D8B7-4BC0-93EA-FB6C7420974A}.Release|x86.Build.0 = Release|x86
		{AD14332A-D8B7-4BC0-93EA-FB6C7420974A}.Release|x86.Deploy.0 = Release|x86
		{29AD437C-236B-4802-B470-069724EBC461}.Ad-Hoc|Any CPU.ActiveCfg = Debug|Any CPU
		{29AD437C-236B-4802-B470-069724EBC461}.Ad-Hoc|Any CPU.Build.0 = Debug|Any CPU
		{29AD437C-236B-4802-B470-069724EBC461}.Ad-Hoc|Any CPU.Deploy.0 = Debug|Any CPU
		{29AD437C-236B-4802-B470-069724EBC461}.Ad-Hoc|ARM.ActiveCfg = Debug|Any CPU
		{29AD437C-236B-4802-B470-069724EBC461}.Ad-Hoc|ARM.Build.0 = Debug|Any CPU
		{29AD437C-236B-4802-B470-069724EBC461}.Ad-Hoc|ARM.Deploy.0 = Debug|Any CPU
		{29AD437C-236B-4802-B470-069724EBC461}.Ad-Hoc|iPhone.ActiveCfg = Debug|Any CPU
		{29AD437C-236B-4802-B470-069724EBC461}.Ad-Hoc|iPhone.Build.0 = Debug|Any CPU
		{29AD437C-236B-4802-B470-069724EBC461}.Ad-Hoc|iPhone.Deploy.0 = Debug|Any CPU
		{29AD437C-236B-4802-B470-069724EBC461}.Ad-Hoc|iPhoneSimulator.ActiveCfg = Debug|Any CPU
		{29AD437C-236B-4802-B470-069724EBC461}.Ad-Hoc|iPhoneSimulator.Build.0 = Debug|Any CPU
		{29AD437C-236B-4802-B470-069724EBC461}.Ad-Hoc|iPhoneSimulator.Deploy.0 = Debug|Any CPU
		{29AD437C-236B-4802-B470-069724EBC461}.Ad-Hoc|x64.ActiveCfg = Debug|Any CPU
		{29AD437C-236B-4802-B470-069724EBC461}.Ad-Hoc|x64.Build.0 = Debug|Any CPU
		{29AD437C-236B-4802-B470-069724EBC461}.Ad-Hoc|x64.Deploy.0 = Debug|Any CPU
		{29AD437C-236B-4802-B470-069724EBC461}.Ad-Hoc|x86.ActiveCfg = Debug|Any CPU
		{29AD437C-236B-4802-B470-069724EBC461}.Ad-Hoc|x86.Build.0 = Debug|Any CPU
		{29AD437C-236B-4802-B470-069724EBC461}.Ad-Hoc|x86.Deploy.0 = Debug|Any CPU
		{29AD437C-236B-4802-B470-069724EBC461}.AppStore|Any CPU.ActiveCfg = Debug|Any CPU
		{29AD437C-236B-4802-B470-069724EBC461}.AppStore|Any CPU.Build.0 = Debug|Any CPU
		{29AD437C-236B-4802-B470-069724EBC461}.AppStore|Any CPU.Deploy.0 = Debug|Any CPU
		{29AD437C-236B-4802-B470-069724EBC461}.AppStore|ARM.ActiveCfg = Debug|Any CPU
		{29AD437C-236B-4802-B470-069724EBC461}.AppStore|ARM.Build.0 = Debug|Any CPU
		{29AD437C-236B-4802-B470-069724EBC461}.AppStore|ARM.Deploy.0 = Debug|Any CPU
		{29AD437C-236B-4802-B470-069724EBC461}.AppStore|iPhone.ActiveCfg = Debug|Any CPU
		{29AD437C-236B-4802-B470-069724EBC461}.AppStore|iPhone.Build.0 = Debug|Any CPU
		{29AD437C-236B-4802-B470-069724EBC461}.AppStore|iPhone.Deploy.0 = Debug|Any CPU
		{29AD437C-236B-4802-B470-069724EBC461}.AppStore|iPhoneSimulator.ActiveCfg = Debug|Any CPU
		{29AD437C-236B-4802-B470-069724EBC461}.AppStore|iPhoneSimulator.Build.0 = Debug|Any CPU
		{29AD437C-236B-4802-B470-069724EBC461}.AppStore|iPhoneSimulator.Deploy.0 = Debug|Any CPU
		{29AD437C-236B-4802-B470-069724EBC461}.AppStore|x64.ActiveCfg = Debug|Any CPU
		{29AD437C-236B-4802-B470-069724EBC461}.AppStore|x64.Build.0 = Debug|Any CPU
		{29AD437C-236B-4802-B470-069724EBC461}.AppStore|x64.Deploy.0 = Debug|Any CPU
		{29AD437C-236B-4802-B470-069724EBC461}.AppStore|x86.ActiveCfg = Debug|Any CPU
		{29AD437C-236B-4802-B470-069724EBC461}.AppStore|x86.Build.0 = Debug|Any CPU
		{29AD437C-236B-4802-B470-069724EBC461}.AppStore|x86.Deploy.0 = Debug|Any CPU
		{29AD437C-236B-4802-B470-069724EBC461}.Debug|Any CPU.ActiveCfg = Debug|Any CPU
		{29AD437C-236B-4802-B470-069724EBC461}.Debug|Any CPU.Build.0 = Debug|Any CPU
		{29AD437C-236B-4802-B470-069724EBC461}.Debug|Any CPU.Deploy.0 = Debug|Any CPU
		{29AD437C-236B-4802-B470-069724EBC461}.Debug|ARM.ActiveCfg = Debug|Any CPU
		{29AD437C-236B-4802-B470-069724EBC461}.Debug|ARM.Build.0 = Debug|Any CPU
		{29AD437C-236B-4802-B470-069724EBC461}.Debug|ARM.Deploy.0 = Debug|Any CPU
		{29AD437C-236B-4802-B470-069724EBC461}.Debug|iPhone.ActiveCfg = Debug|Any CPU
		{29AD437C-236B-4802-B470-069724EBC461}.Debug|iPhone.Build.0 = Debug|Any CPU
		{29AD437C-236B-4802-B470-069724EBC461}.Debug|iPhone.Deploy.0 = Debug|Any CPU
		{29AD437C-236B-4802-B470-069724EBC461}.Debug|iPhoneSimulator.ActiveCfg = Debug|Any CPU
		{29AD437C-236B-4802-B470-069724EBC461}.Debug|iPhoneSimulator.Build.0 = Debug|Any CPU
		{29AD437C-236B-4802-B470-069724EBC461}.Debug|iPhoneSimulator.Deploy.0 = Debug|Any CPU
		{29AD437C-236B-4802-B470-069724EBC461}.Debug|x64.ActiveCfg = Debug|Any CPU
		{29AD437C-236B-4802-B470-069724EBC461}.Debug|x64.Build.0 = Debug|Any CPU
		{29AD437C-236B-4802-B470-069724EBC461}.Debug|x64.Deploy.0 = Debug|Any CPU
		{29AD437C-236B-4802-B470-069724EBC461}.Debug|x86.ActiveCfg = Debug|Any CPU
		{29AD437C-236B-4802-B470-069724EBC461}.Debug|x86.Build.0 = Debug|Any CPU
		{29AD437C-236B-4802-B470-069724EBC461}.Debug|x86.Deploy.0 = Debug|Any CPU
		{29AD437C-236B-4802-B470-069724EBC461}.Release|Any CPU.ActiveCfg = Release|Any CPU
		{29AD437C-236B-4802-B470-069724EBC461}.Release|Any CPU.Build.0 = Release|Any CPU
		{29AD437C-236B-4802-B470-069724EBC461}.Release|Any CPU.Deploy.0 = Release|Any CPU
		{29AD437C-236B-4802-B470-069724EBC461}.Release|ARM.ActiveCfg = Release|Any CPU
		{29AD437C-236B-4802-B470-069724EBC461}.Release|ARM.Build.0 = Release|Any CPU
		{29AD437C-236B-4802-B470-069724EBC461}.Release|ARM.Deploy.0 = Release|Any CPU
		{29AD437C-236B-4802-B470-069724EBC461}.Release|iPhone.ActiveCfg = Release|Any CPU
		{29AD437C-236B-4802-B470-069724EBC461}.Release|iPhone.Build.0 = Release|Any CPU
		{29AD437C-236B-4802-B470-069724EBC461}.Release|iPhone.Deploy.0 = Release|Any CPU
		{29AD437C-236B-4802-B470-069724EBC461}.Release|iPhoneSimulator.ActiveCfg = Release|Any CPU
		{29AD437C-236B-4802-B470-069724EBC461}.Release|iPhoneSimulator.Build.0 = Release|Any CPU
		{29AD437C-236B-4802-B470-069724EBC461}.Release|iPhoneSimulator.Deploy.0 = Release|Any CPU
		{29AD437C-236B-4802-B470-069724EBC461}.Release|x64.ActiveCfg = Release|Any CPU
		{29AD437C-236B-4802-B470-069724EBC461}.Release|x64.Build.0 = Release|Any CPU
		{29AD437C-236B-4802-B470-069724EBC461}.Release|x64.Deploy.0 = Release|Any CPU
		{29AD437C-236B-4802-B470-069724EBC461}.Release|x86.ActiveCfg = Release|Any CPU
		{29AD437C-236B-4802-B470-069724EBC461}.Release|x86.Build.0 = Release|Any CPU
		{29AD437C-236B-4802-B470-069724EBC461}.Release|x86.Deploy.0 = Release|Any CPU
		{D15DA31A-FEB5-414B-8238-D23A4EABB63F}.Ad-Hoc|Any CPU.ActiveCfg = Release|Any CPU
		{D15DA31A-FEB5-414B-8238-D23A4EABB63F}.Ad-Hoc|Any CPU.Build.0 = Release|Any CPU
		{D15DA31A-FEB5-414B-8238-D23A4EABB63F}.Ad-Hoc|ARM.ActiveCfg = Release|Any CPU
		{D15DA31A-FEB5-414B-8238-D23A4EABB63F}.Ad-Hoc|ARM.Build.0 = Release|Any CPU
		{D15DA31A-FEB5-414B-8238-D23A4EABB63F}.Ad-Hoc|iPhone.ActiveCfg = Release|Any CPU
		{D15DA31A-FEB5-414B-8238-D23A4EABB63F}.Ad-Hoc|iPhone.Build.0 = Release|Any CPU
		{D15DA31A-FEB5-414B-8238-D23A4EABB63F}.Ad-Hoc|iPhoneSimulator.ActiveCfg = Release|Any CPU
		{D15DA31A-FEB5-414B-8238-D23A4EABB63F}.Ad-Hoc|iPhoneSimulator.Build.0 = Release|Any CPU
		{D15DA31A-FEB5-414B-8238-D23A4EABB63F}.Ad-Hoc|x64.ActiveCfg = Release|Any CPU
		{D15DA31A-FEB5-414B-8238-D23A4EABB63F}.Ad-Hoc|x64.Build.0 = Release|Any CPU
		{D15DA31A-FEB5-414B-8238-D23A4EABB63F}.Ad-Hoc|x86.ActiveCfg = Release|Any CPU
		{D15DA31A-FEB5-414B-8238-D23A4EABB63F}.Ad-Hoc|x86.Build.0 = Release|Any CPU
		{D15DA31A-FEB5-414B-8238-D23A4EABB63F}.AppStore|Any CPU.ActiveCfg = Release|Any CPU
		{D15DA31A-FEB5-414B-8238-D23A4EABB63F}.AppStore|Any CPU.Build.0 = Release|Any CPU
		{D15DA31A-FEB5-414B-8238-D23A4EABB63F}.AppStore|ARM.ActiveCfg = Release|Any CPU
		{D15DA31A-FEB5-414B-8238-D23A4EABB63F}.AppStore|ARM.Build.0 = Release|Any CPU
		{D15DA31A-FEB5-414B-8238-D23A4EABB63F}.AppStore|iPhone.ActiveCfg = Release|Any CPU
		{D15DA31A-FEB5-414B-8238-D23A4EABB63F}.AppStore|iPhone.Build.0 = Release|Any CPU
		{D15DA31A-FEB5-414B-8238-D23A4EABB63F}.AppStore|iPhoneSimulator.ActiveCfg = Release|Any CPU
		{D15DA31A-FEB5-414B-8238-D23A4EABB63F}.AppStore|iPhoneSimulator.Build.0 = Release|Any CPU
		{D15DA31A-FEB5-414B-8238-D23A4EABB63F}.AppStore|x64.ActiveCfg = Release|Any CPU
		{D15DA31A-FEB5-414B-8238-D23A4EABB63F}.AppStore|x64.Build.0 = Release|Any CPU
		{D15DA31A-FEB5-414B-8238-D23A4EABB63F}.AppStore|x86.ActiveCfg = Release|Any CPU
		{D15DA31A-FEB5-414B-8238-D23A4EABB63F}.AppStore|x86.Build.0 = Release|Any CPU
		{D15DA31A-FEB5-414B-8238-D23A4EABB63F}.Debug|Any CPU.ActiveCfg = Debug|Any CPU
		{D15DA31A-FEB5-414B-8238-D23A4EABB63F}.Debug|Any CPU.Build.0 = Debug|Any CPU
		{D15DA31A-FEB5-414B-8238-D23A4EABB63F}.Debug|ARM.ActiveCfg = Debug|Any CPU
		{D15DA31A-FEB5-414B-8238-D23A4EABB63F}.Debug|ARM.Build.0 = Debug|Any CPU
		{D15DA31A-FEB5-414B-8238-D23A4EABB63F}.Debug|iPhone.ActiveCfg = Debug|Any CPU
		{D15DA31A-FEB5-414B-8238-D23A4EABB63F}.Debug|iPhone.Build.0 = Debug|Any CPU
		{D15DA31A-FEB5-414B-8238-D23A4EABB63F}.Debug|iPhoneSimulator.ActiveCfg = Debug|Any CPU
		{D15DA31A-FEB5-414B-8238-D23A4EABB63F}.Debug|iPhoneSimulator.Build.0 = Debug|Any CPU
		{D15DA31A-FEB5-414B-8238-D23A4EABB63F}.Debug|x64.ActiveCfg = Debug|Any CPU
		{D15DA31A-FEB5-414B-8238-D23A4EABB63F}.Debug|x64.Build.0 = Debug|Any CPU
		{D15DA31A-FEB5-414B-8238-D23A4EABB63F}.Debug|x86.ActiveCfg = Debug|Any CPU
		{D15DA31A-FEB5-414B-8238-D23A4EABB63F}.Debug|x86.Build.0 = Debug|Any CPU
		{D15DA31A-FEB5-414B-8238-D23A4EABB63F}.Release|Any CPU.ActiveCfg = Release|Any CPU
		{D15DA31A-FEB5-414B-8238-D23A4EABB63F}.Release|Any CPU.Build.0 = Release|Any CPU
		{D15DA31A-FEB5-414B-8238-D23A4EABB63F}.Release|ARM.ActiveCfg = Release|Any CPU
		{D15DA31A-FEB5-414B-8238-D23A4EABB63F}.Release|ARM.Build.0 = Release|Any CPU
		{D15DA31A-FEB5-414B-8238-D23A4EABB63F}.Release|iPhone.ActiveCfg = Release|Any CPU
		{D15DA31A-FEB5-414B-8238-D23A4EABB63F}.Release|iPhone.Build.0 = Release|Any CPU
		{D15DA31A-FEB5-414B-8238-D23A4EABB63F}.Release|iPhoneSimulator.ActiveCfg = Release|Any CPU
		{D15DA31A-FEB5-414B-8238-D23A4EABB63F}.Release|iPhoneSimulator.Build.0 = Release|Any CPU
		{D15DA31A-FEB5-414B-8238-D23A4EABB63F}.Release|x64.ActiveCfg = Release|Any CPU
		{D15DA31A-FEB5-414B-8238-D23A4EABB63F}.Release|x64.Build.0 = Release|Any CPU
		{D15DA31A-FEB5-414B-8238-D23A4EABB63F}.Release|x86.ActiveCfg = Release|Any CPU
		{D15DA31A-FEB5-414B-8238-D23A4EABB63F}.Release|x86.Build.0 = Release|Any CPU
		{533A01AB-C898-46C3-8C32-F553FCD7CF83}.Ad-Hoc|Any CPU.ActiveCfg = Release|Any CPU
		{533A01AB-C898-46C3-8C32-F553FCD7CF83}.Ad-Hoc|Any CPU.Build.0 = Release|Any CPU
		{533A01AB-C898-46C3-8C32-F553FCD7CF83}.Ad-Hoc|ARM.ActiveCfg = Release|Any CPU
		{533A01AB-C898-46C3-8C32-F553FCD7CF83}.Ad-Hoc|ARM.Build.0 = Release|Any CPU
		{533A01AB-C898-46C3-8C32-F553FCD7CF83}.Ad-Hoc|iPhone.ActiveCfg = Release|Any CPU
		{533A01AB-C898-46C3-8C32-F553FCD7CF83}.Ad-Hoc|iPhone.Build.0 = Release|Any CPU
		{533A01AB-C898-46C3-8C32-F553FCD7CF83}.Ad-Hoc|iPhoneSimulator.ActiveCfg = Release|Any CPU
		{533A01AB-C898-46C3-8C32-F553FCD7CF83}.Ad-Hoc|iPhoneSimulator.Build.0 = Release|Any CPU
		{533A01AB-C898-46C3-8C32-F553FCD7CF83}.Ad-Hoc|x64.ActiveCfg = Release|Any CPU
		{533A01AB-C898-46C3-8C32-F553FCD7CF83}.Ad-Hoc|x64.Build.0 = Release|Any CPU
		{533A01AB-C898-46C3-8C32-F553FCD7CF83}.Ad-Hoc|x86.ActiveCfg = Release|Any CPU
		{533A01AB-C898-46C3-8C32-F553FCD7CF83}.Ad-Hoc|x86.Build.0 = Release|Any CPU
		{533A01AB-C898-46C3-8C32-F553FCD7CF83}.AppStore|Any CPU.ActiveCfg = Release|Any CPU
		{533A01AB-C898-46C3-8C32-F553FCD7CF83}.AppStore|Any CPU.Build.0 = Release|Any CPU
		{533A01AB-C898-46C3-8C32-F553FCD7CF83}.AppStore|ARM.ActiveCfg = Release|Any CPU
		{533A01AB-C898-46C3-8C32-F553FCD7CF83}.AppStore|ARM.Build.0 = Release|Any CPU
		{533A01AB-C898-46C3-8C32-F553FCD7CF83}.AppStore|iPhone.ActiveCfg = Release|Any CPU
		{533A01AB-C898-46C3-8C32-F553FCD7CF83}.AppStore|iPhone.Build.0 = Release|Any CPU
		{533A01AB-C898-46C3-8C32-F553FCD7CF83}.AppStore|iPhoneSimulator.ActiveCfg = Release|Any CPU
		{533A01AB-C898-46C3-8C32-F553FCD7CF83}.AppStore|iPhoneSimulator.Build.0 = Release|Any CPU
		{533A01AB-C898-46C3-8C32-F553FCD7CF83}.AppStore|x64.ActiveCfg = Release|Any CPU
		{533A01AB-C898-46C3-8C32-F553FCD7CF83}.AppStore|x64.Build.0 = Release|Any CPU
		{533A01AB-C898-46C3-8C32-F553FCD7CF83}.AppStore|x86.ActiveCfg = Release|Any CPU
		{533A01AB-C898-46C3-8C32-F553FCD7CF83}.AppStore|x86.Build.0 = Release|Any CPU
		{533A01AB-C898-46C3-8C32-F553FCD7CF83}.Debug|Any CPU.ActiveCfg = Debug|Any CPU
		{533A01AB-C898-46C3-8C32-F553FCD7CF83}.Debug|Any CPU.Build.0 = Debug|Any CPU
		{533A01AB-C898-46C3-8C32-F553FCD7CF83}.Debug|ARM.ActiveCfg = Debug|Any CPU
		{533A01AB-C898-46C3-8C32-F553FCD7CF83}.Debug|ARM.Build.0 = Debug|Any CPU
		{533A01AB-C898-46C3-8C32-F553FCD7CF83}.Debug|iPhone.ActiveCfg = Debug|Any CPU
		{533A01AB-C898-46C3-8C32-F553FCD7CF83}.Debug|iPhone.Build.0 = Debug|Any CPU
		{533A01AB-C898-46C3-8C32-F553FCD7CF83}.Debug|iPhoneSimulator.ActiveCfg = Debug|Any CPU
		{533A01AB-C898-46C3-8C32-F553FCD7CF83}.Debug|iPhoneSimulator.Build.0 = Debug|Any CPU
		{533A01AB-C898-46C3-8C32-F553FCD7CF83}.Debug|x64.ActiveCfg = Debug|Any CPU
		{533A01AB-C898-46C3-8C32-F553FCD7CF83}.Debug|x64.Build.0 = Debug|Any CPU
		{533A01AB-C898-46C3-8C32-F553FCD7CF83}.Debug|x86.ActiveCfg = Debug|Any CPU
		{533A01AB-C898-46C3-8C32-F553FCD7CF83}.Debug|x86.Build.0 = Debug|Any CPU
		{533A01AB-C898-46C3-8C32-F553FCD7CF83}.Release|Any CPU.ActiveCfg = Release|Any CPU
		{533A01AB-C898-46C3-8C32-F553FCD7CF83}.Release|Any CPU.Build.0 = Release|Any CPU
		{533A01AB-C898-46C3-8C32-F553FCD7CF83}.Release|ARM.ActiveCfg = Release|Any CPU
		{533A01AB-C898-46C3-8C32-F553FCD7CF83}.Release|ARM.Build.0 = Release|Any CPU
		{533A01AB-C898-46C3-8C32-F553FCD7CF83}.Release|iPhone.ActiveCfg = Release|Any CPU
		{533A01AB-C898-46C3-8C32-F553FCD7CF83}.Release|iPhone.Build.0 = Release|Any CPU
		{533A01AB-C898-46C3-8C32-F553FCD7CF83}.Release|iPhoneSimulator.ActiveCfg = Release|Any CPU
		{533A01AB-C898-46C3-8C32-F553FCD7CF83}.Release|iPhoneSimulator.Build.0 = Release|Any CPU
		{533A01AB-C898-46C3-8C32-F553FCD7CF83}.Release|x64.ActiveCfg = Release|Any CPU
		{533A01AB-C898-46C3-8C32-F553FCD7CF83}.Release|x64.Build.0 = Release|Any CPU
		{533A01AB-C898-46C3-8C32-F553FCD7CF83}.Release|x86.ActiveCfg = Release|Any CPU
		{533A01AB-C898-46C3-8C32-F553FCD7CF83}.Release|x86.Build.0 = Release|Any CPU
		{DACED6D4-B423-4F70-A6EC-E4542DD2E44B}.Ad-Hoc|Any CPU.ActiveCfg = Release|Any CPU
		{DACED6D4-B423-4F70-A6EC-E4542DD2E44B}.Ad-Hoc|Any CPU.Build.0 = Release|Any CPU
		{DACED6D4-B423-4F70-A6EC-E4542DD2E44B}.Ad-Hoc|ARM.ActiveCfg = Release|Any CPU
		{DACED6D4-B423-4F70-A6EC-E4542DD2E44B}.Ad-Hoc|ARM.Build.0 = Release|Any CPU
		{DACED6D4-B423-4F70-A6EC-E4542DD2E44B}.Ad-Hoc|iPhone.ActiveCfg = Release|Any CPU
		{DACED6D4-B423-4F70-A6EC-E4542DD2E44B}.Ad-Hoc|iPhone.Build.0 = Release|Any CPU
		{DACED6D4-B423-4F70-A6EC-E4542DD2E44B}.Ad-Hoc|iPhoneSimulator.ActiveCfg = Release|Any CPU
		{DACED6D4-B423-4F70-A6EC-E4542DD2E44B}.Ad-Hoc|iPhoneSimulator.Build.0 = Release|Any CPU
		{DACED6D4-B423-4F70-A6EC-E4542DD2E44B}.Ad-Hoc|x64.ActiveCfg = Release|Any CPU
		{DACED6D4-B423-4F70-A6EC-E4542DD2E44B}.Ad-Hoc|x64.Build.0 = Release|Any CPU
		{DACED6D4-B423-4F70-A6EC-E4542DD2E44B}.Ad-Hoc|x86.ActiveCfg = Release|Any CPU
		{DACED6D4-B423-4F70-A6EC-E4542DD2E44B}.Ad-Hoc|x86.Build.0 = Release|Any CPU
		{DACED6D4-B423-4F70-A6EC-E4542DD2E44B}.AppStore|Any CPU.ActiveCfg = Release|Any CPU
		{DACED6D4-B423-4F70-A6EC-E4542DD2E44B}.AppStore|Any CPU.Build.0 = Release|Any CPU
		{DACED6D4-B423-4F70-A6EC-E4542DD2E44B}.AppStore|ARM.ActiveCfg = Release|Any CPU
		{DACED6D4-B423-4F70-A6EC-E4542DD2E44B}.AppStore|ARM.Build.0 = Release|Any CPU
		{DACED6D4-B423-4F70-A6EC-E4542DD2E44B}.AppStore|iPhone.ActiveCfg = Release|Any CPU
		{DACED6D4-B423-4F70-A6EC-E4542DD2E44B}.AppStore|iPhone.Build.0 = Release|Any CPU
		{DACED6D4-B423-4F70-A6EC-E4542DD2E44B}.AppStore|iPhoneSimulator.ActiveCfg = Release|Any CPU
		{DACED6D4-B423-4F70-A6EC-E4542DD2E44B}.AppStore|iPhoneSimulator.Build.0 = Release|Any CPU
		{DACED6D4-B423-4F70-A6EC-E4542DD2E44B}.AppStore|x64.ActiveCfg = Release|Any CPU
		{DACED6D4-B423-4F70-A6EC-E4542DD2E44B}.AppStore|x64.Build.0 = Release|Any CPU
		{DACED6D4-B423-4F70-A6EC-E4542DD2E44B}.AppStore|x86.ActiveCfg = Release|Any CPU
		{DACED6D4-B423-4F70-A6EC-E4542DD2E44B}.AppStore|x86.Build.0 = Release|Any CPU
		{DACED6D4-B423-4F70-A6EC-E4542DD2E44B}.Debug|Any CPU.ActiveCfg = Debug|Any CPU
		{DACED6D4-B423-4F70-A6EC-E4542DD2E44B}.Debug|Any CPU.Build.0 = Debug|Any CPU
		{DACED6D4-B423-4F70-A6EC-E4542DD2E44B}.Debug|ARM.ActiveCfg = Debug|Any CPU
		{DACED6D4-B423-4F70-A6EC-E4542DD2E44B}.Debug|ARM.Build.0 = Debug|Any CPU
		{DACED6D4-B423-4F70-A6EC-E4542DD2E44B}.Debug|iPhone.ActiveCfg = Debug|Any CPU
		{DACED6D4-B423-4F70-A6EC-E4542DD2E44B}.Debug|iPhone.Build.0 = Debug|Any CPU
		{DACED6D4-B423-4F70-A6EC-E4542DD2E44B}.Debug|iPhoneSimulator.ActiveCfg = Debug|Any CPU
		{DACED6D4-B423-4F70-A6EC-E4542DD2E44B}.Debug|iPhoneSimulator.Build.0 = Debug|Any CPU
		{DACED6D4-B423-4F70-A6EC-E4542DD2E44B}.Debug|x64.ActiveCfg = Debug|Any CPU
		{DACED6D4-B423-4F70-A6EC-E4542DD2E44B}.Debug|x64.Build.0 = Debug|Any CPU
		{DACED6D4-B423-4F70-A6EC-E4542DD2E44B}.Debug|x86.ActiveCfg = Debug|Any CPU
		{DACED6D4-B423-4F70-A6EC-E4542DD2E44B}.Debug|x86.Build.0 = Debug|Any CPU
		{DACED6D4-B423-4F70-A6EC-E4542DD2E44B}.Release|Any CPU.ActiveCfg = Release|Any CPU
		{DACED6D4-B423-4F70-A6EC-E4542DD2E44B}.Release|Any CPU.Build.0 = Release|Any CPU
		{DACED6D4-B423-4F70-A6EC-E4542DD2E44B}.Release|ARM.ActiveCfg = Release|Any CPU
		{DACED6D4-B423-4F70-A6EC-E4542DD2E44B}.Release|ARM.Build.0 = Release|Any CPU
		{DACED6D4-B423-4F70-A6EC-E4542DD2E44B}.Release|iPhone.ActiveCfg = Release|Any CPU
		{DACED6D4-B423-4F70-A6EC-E4542DD2E44B}.Release|iPhone.Build.0 = Release|Any CPU
		{DACED6D4-B423-4F70-A6EC-E4542DD2E44B}.Release|iPhoneSimulator.ActiveCfg = Release|Any CPU
		{DACED6D4-B423-4F70-A6EC-E4542DD2E44B}.Release|iPhoneSimulator.Build.0 = Release|Any CPU
		{DACED6D4-B423-4F70-A6EC-E4542DD2E44B}.Release|x64.ActiveCfg = Release|Any CPU
		{DACED6D4-B423-4F70-A6EC-E4542DD2E44B}.Release|x64.Build.0 = Release|Any CPU
		{DACED6D4-B423-4F70-A6EC-E4542DD2E44B}.Release|x86.ActiveCfg = Release|Any CPU
		{DACED6D4-B423-4F70-A6EC-E4542DD2E44B}.Release|x86.Build.0 = Release|Any CPU
		{C4672E14-3E83-4070-B7A7-AB979E0881C2}.Ad-Hoc|Any CPU.ActiveCfg = Release|Any CPU
		{C4672E14-3E83-4070-B7A7-AB979E0881C2}.Ad-Hoc|Any CPU.Build.0 = Release|Any CPU
		{C4672E14-3E83-4070-B7A7-AB979E0881C2}.Ad-Hoc|ARM.ActiveCfg = Release|Any CPU
		{C4672E14-3E83-4070-B7A7-AB979E0881C2}.Ad-Hoc|ARM.Build.0 = Release|Any CPU
		{C4672E14-3E83-4070-B7A7-AB979E0881C2}.Ad-Hoc|iPhone.ActiveCfg = Release|Any CPU
		{C4672E14-3E83-4070-B7A7-AB979E0881C2}.Ad-Hoc|iPhone.Build.0 = Release|Any CPU
		{C4672E14-3E83-4070-B7A7-AB979E0881C2}.Ad-Hoc|iPhoneSimulator.ActiveCfg = Release|Any CPU
		{C4672E14-3E83-4070-B7A7-AB979E0881C2}.Ad-Hoc|iPhoneSimulator.Build.0 = Release|Any CPU
		{C4672E14-3E83-4070-B7A7-AB979E0881C2}.Ad-Hoc|x64.ActiveCfg = Release|Any CPU
		{C4672E14-3E83-4070-B7A7-AB979E0881C2}.Ad-Hoc|x64.Build.0 = Release|Any CPU
		{C4672E14-3E83-4070-B7A7-AB979E0881C2}.Ad-Hoc|x86.ActiveCfg = Release|Any CPU
		{C4672E14-3E83-4070-B7A7-AB979E0881C2}.Ad-Hoc|x86.Build.0 = Release|Any CPU
		{C4672E14-3E83-4070-B7A7-AB979E0881C2}.AppStore|Any CPU.ActiveCfg = Release|Any CPU
		{C4672E14-3E83-4070-B7A7-AB979E0881C2}.AppStore|Any CPU.Build.0 = Release|Any CPU
		{C4672E14-3E83-4070-B7A7-AB979E0881C2}.AppStore|ARM.ActiveCfg = Release|Any CPU
		{C4672E14-3E83-4070-B7A7-AB979E0881C2}.AppStore|ARM.Build.0 = Release|Any CPU
		{C4672E14-3E83-4070-B7A7-AB979E0881C2}.AppStore|iPhone.ActiveCfg = Release|Any CPU
		{C4672E14-3E83-4070-B7A7-AB979E0881C2}.AppStore|iPhone.Build.0 = Release|Any CPU
		{C4672E14-3E83-4070-B7A7-AB979E0881C2}.AppStore|iPhoneSimulator.ActiveCfg = Release|Any CPU
		{C4672E14-3E83-4070-B7A7-AB979E0881C2}.AppStore|iPhoneSimulator.Build.0 = Release|Any CPU
		{C4672E14-3E83-4070-B7A7-AB979E0881C2}.AppStore|x64.ActiveCfg = Release|Any CPU
		{C4672E14-3E83-4070-B7A7-AB979E0881C2}.AppStore|x64.Build.0 = Release|Any CPU
		{C4672E14-3E83-4070-B7A7-AB979E0881C2}.AppStore|x86.ActiveCfg = Release|Any CPU
		{C4672E14-3E83-4070-B7A7-AB979E0881C2}.AppStore|x86.Build.0 = Release|Any CPU
		{C4672E14-3E83-4070-B7A7-AB979E0881C2}.Debug|Any CPU.ActiveCfg = Debug|Any CPU
		{C4672E14-3E83-4070-B7A7-AB979E0881C2}.Debug|Any CPU.Build.0 = Debug|Any CPU
		{C4672E14-3E83-4070-B7A7-AB979E0881C2}.Debug|ARM.ActiveCfg = Debug|Any CPU
		{C4672E14-3E83-4070-B7A7-AB979E0881C2}.Debug|ARM.Build.0 = Debug|Any CPU
		{C4672E14-3E83-4070-B7A7-AB979E0881C2}.Debug|iPhone.ActiveCfg = Debug|Any CPU
		{C4672E14-3E83-4070-B7A7-AB979E0881C2}.Debug|iPhone.Build.0 = Debug|Any CPU
		{C4672E14-3E83-4070-B7A7-AB979E0881C2}.Debug|iPhoneSimulator.ActiveCfg = Debug|Any CPU
		{C4672E14-3E83-4070-B7A7-AB979E0881C2}.Debug|iPhoneSimulator.Build.0 = Debug|Any CPU
		{C4672E14-3E83-4070-B7A7-AB979E0881C2}.Debug|x64.ActiveCfg = Debug|Any CPU
		{C4672E14-3E83-4070-B7A7-AB979E0881C2}.Debug|x64.Build.0 = Debug|Any CPU
		{C4672E14-3E83-4070-B7A7-AB979E0881C2}.Debug|x86.ActiveCfg = Debug|Any CPU
		{C4672E14-3E83-4070-B7A7-AB979E0881C2}.Debug|x86.Build.0 = Debug|Any CPU
		{C4672E14-3E83-4070-B7A7-AB979E0881C2}.Release|Any CPU.ActiveCfg = Release|Any CPU
		{C4672E14-3E83-4070-B7A7-AB979E0881C2}.Release|Any CPU.Build.0 = Release|Any CPU
		{C4672E14-3E83-4070-B7A7-AB979E0881C2}.Release|ARM.ActiveCfg = Release|Any CPU
		{C4672E14-3E83-4070-B7A7-AB979E0881C2}.Release|ARM.Build.0 = Release|Any CPU
		{C4672E14-3E83-4070-B7A7-AB979E0881C2}.Release|iPhone.ActiveCfg = Release|Any CPU
		{C4672E14-3E83-4070-B7A7-AB979E0881C2}.Release|iPhone.Build.0 = Release|Any CPU
		{C4672E14-3E83-4070-B7A7-AB979E0881C2}.Release|iPhoneSimulator.ActiveCfg = Release|Any CPU
		{C4672E14-3E83-4070-B7A7-AB979E0881C2}.Release|iPhoneSimulator.Build.0 = Release|Any CPU
		{C4672E14-3E83-4070-B7A7-AB979E0881C2}.Release|x64.ActiveCfg = Release|Any CPU
		{C4672E14-3E83-4070-B7A7-AB979E0881C2}.Release|x64.Build.0 = Release|Any CPU
		{C4672E14-3E83-4070-B7A7-AB979E0881C2}.Release|x86.ActiveCfg = Release|Any CPU
		{C4672E14-3E83-4070-B7A7-AB979E0881C2}.Release|x86.Build.0 = Release|Any CPU
	EndGlobalSection
	GlobalSection(SolutionProperties) = preSolution
		HideSolutionNode = FALSE
	EndGlobalSection
	GlobalSection(ExtensibilityGlobals) = postSolution
		SolutionGuid = {3E5B2CC9-A002-4DBB-AF3F-526C2E82604C}
	EndGlobalSection
EndGlobal
